
Microsoft Visual Studio Solution File, Format Version 12.00
# Visual Studio Version 17
VisualStudioVersion = 17.14.36623.8 d17.14
MinimumVisualStudioVersion = 10.0.40219.1
Project("{FAE04EC0-301F-11D3-BF4B-00C04F79EFBC}") = "MonitoringConnectionTestService", "MonitoringConnectionTestService\MonitoringConnectionTestService.csproj", "{E6C646E2-04A0-490A-8D9A-65F1B487E4F0}"
EndProject
Global
	GlobalSection(SolutionConfigurationPlatforms) = preSolution
		Debug|Any CPU = Debug|Any CPU
		Release|Any CPU = Release|Any CPU
	EndGlobalSection
	GlobalSection(ProjectConfigurationPlatforms) = postSolution
		{E6C646E2-04A0-490A-8D9A-65F1B487E4F0}.Debug|Any CPU.ActiveCfg = Debug|Any CPU
		{E6C646E2-04A0-490A-8D9A-65F1B487E4F0}.Debug|Any CPU.Build.0 = Debug|Any CPU
		{E6C646E2-04A0-490A-8D9A-65F1B487E4F0}.Release|Any CPU.ActiveCfg = Release|Any CPU
		{E6C646E2-04A0-490A-8D9A-65F1B487E4F0}.Release|Any CPU.Build.0 = Release|Any CPU
	EndGlobalSection
	GlobalSection(SolutionProperties) = preSolution
		HideSolutionNode = FALSE
	EndGlobalSection
	GlobalSection(ExtensibilityGlobals) = postSolution
		SolutionGuid = {98D2A709-7F99-4E79-A2A6-949EA7471BEE}
	EndGlobalSection
EndGlobal
